
Microsoft Visual Studio Solution File, Format Version 12.00
# Visual Studio Version 17
VisualStudioVersion = 17.7.34202.233
MinimumVisualStudioVersion = 10.0.40219.1
Project("{FAE04EC0-301F-11D3-BF4B-00C04F79EFBC}") = "Ban_Roxana_Lab2", "Ban_Roxana_Lab2.csproj", "{1AE63221-54D0-4947-8AE7-DAA43B33532A}"
EndProject
Global
	GlobalSection(SolutionConfigurationPlatforms) = preSolution
		Debug|Any CPU = Debug|Any CPU
		Release|Any CPU = Release|Any CPU
	EndGlobalSection
	GlobalSection(ProjectConfigurationPlatforms) = postSolution
		{1AE63221-54D0-4947-8AE7-DAA43B33532A}.Debug|Any CPU.ActiveCfg = Debug|Any CPU
		{1AE63221-54D0-4947-8AE7-DAA43B33532A}.Debug|Any CPU.Build.0 = Debug|Any CPU
		{1AE63221-54D0-4947-8AE7-DAA43B33532A}.Release|Any CPU.ActiveCfg = Release|Any CPU
		{1AE63221-54D0-4947-8AE7-DAA43B33532A}.Release|Any CPU.Build.0 = Release|Any CPU
	EndGlobalSection
	GlobalSection(SolutionProperties) = preSolution
		HideSolutionNode = FALSE
	EndGlobalSection
	GlobalSection(ExtensibilityGlobals) = postSolution
		SolutionGuid = {790F532C-CCB1-4E50-A4C3-6DFF98D3C63D}
	EndGlobalSection
EndGlobal
